
Microsoft Visual Studio Solution File, Format Version 12.00
Project("{FAE04EC0-301F-11D3-BF4B-00C04F79EFBC}") = "c_database_example", "c_database_example\c_database_example.csproj", "{F067BED2-85B7-41C1-9AF2-73ECE7DFEE2C}"
EndProject
Global
	GlobalSection(SolutionConfigurationPlatforms) = preSolution
		Debug|Any CPU = Debug|Any CPU
		Release|Any CPU = Release|Any CPU
	EndGlobalSection
	GlobalSection(ProjectConfigurationPlatforms) = postSolution
		{F067BED2-85B7-41C1-9AF2-73ECE7DFEE2C}.Debug|Any CPU.ActiveCfg = Debug|Any CPU
		{F067BED2-85B7-41C1-9AF2-73ECE7DFEE2C}.Debug|Any CPU.Build.0 = Debug|Any CPU
		{F067BED2-85B7-41C1-9AF2-73ECE7DFEE2C}.Release|Any CPU.ActiveCfg = Release|Any CPU
		{F067BED2-85B7-41C1-9AF2-73ECE7DFEE2C}.Release|Any CPU.Build.0 = Release|Any CPU
	EndGlobalSection
EndGlobal
